{
  "lockfile_version": "1",
  "packages": {
    "cargo@1": {
      "last_modified": "2026-05-21T08:15:18Z",
      "resolved": "github:NixOS/nixpkgs/4a29d733e8a7d5b824c3d8c958a946a9867b3eb2#cargo",
      "source": "devbox-search",
      "version": "1.95.0",
      "systems": {
        "aarch64-darwin": {
          "outputs": [
            {
              "name": "out",
              "path": "/nix/store/2vdxz4xwplgb5rgfhqr0jr85fd7qqgmb-cargo-1.95.0",
              "default": true
            }
          ],
          "store_path": "/nix/store/2vdxz4xwplgb5rgfhqr0jr85fd7qqgmb-cargo-1.95.0"
        },
        "aarch64-linux": {
          "outputs": [
            {
              "name": "out",
              "path": "/nix/store/f8rxcxfwk1qhazprqnfji401x08xp9dr-cargo-1.95.0",
              "default": true
            }
          ],
          "store_path": "/nix/store/f8rxcxfwk1qhazprqnfji401x08xp9dr-cargo-1.95.0"
        },
        "x86_64-darwin": {
          "outputs": [
            {
              "name": "out",
              "path": "/nix/store/5z8rq35zk9jqnnfw4m49fwpgq7phdhai-cargo-1.95.0",
              "default": true
            }
          ],
          "store_path": "/nix/store/5z8rq35zk9jqnnfw4m49fwpgq7phdhai-cargo-1.95.0"
        },
        "x86_64-linux": {
          "outputs": [
            {
              "name": "out",
              "path": "/nix/store/z480b23kymbmrijrl49246mrzyphli15-cargo-1.95.0",
              "default": true
            }
          ],
          "store_path": "/nix/store/z480b23kymbmrijrl49246mrzyphli15-cargo-1.95.0"
        }
      }
    },
    "corepack@0": {
      "last_modified": "2026-05-21T08:15:18Z",
      "resolved": "github:NixOS/nixpkgs/4a29d733e8a7d5b824c3d8c958a946a9867b3eb2#corepack",
      "source": "devbox-search",
      "version": "0.35.0",
      "systems": {
        "aarch64-darwin": {
          "outputs": [
            {
              "name": "out",
              "path": "/nix/store/l3awryym5fh66w3ilk9f1gcxkq06fi2r-corepack-0.35.0",
              "default": true
            }
          ],
          "store_path": "/nix/store/l3awryym5fh66w3ilk9f1gcxkq06fi2r-corepack-0.35.0"
        },
        "aarch64-linux": {
          "outputs": [
            {
              "name": "out",
              "path": "/nix/store/mnqyciqkz9fnmsy6i6w7d7hlc8arq819-corepack-0.35.0",
              "default": true
            }
          ],
          "store_path": "/nix/store/mnqyciqkz9fnmsy6i6w7d7hlc8arq819-corepack-0.35.0"
        },
        "x86_64-darwin": {
          "outputs": [
            {
              "name": "out",
              "path": "/nix/store/yzwg1favqdxjgj20jax6isk3m87kbyba-corepack-0.35.0",
              "default": true
            }
          ],
          "store_path": "/nix/store/yzwg1favqdxjgj20jax6isk3m87kbyba-corepack-0.35.0"
        },
        "x86_64-linux": {
          "outputs": [
            {
              "name": "out",
              "path": "/nix/store/pjqdmkidmqzbpi34xbs0wnl20ra5h9y0-corepack-0.35.0",
              "default": true
            }
          ],
          "store_path": "/nix/store/pjqdmkidmqzbpi34xbs0wnl20ra5h9y0-corepack-0.35.0"
        }
      }
    },
    "github:NixOS/nixpkgs/nixpkgs-unstable": {
      "last_modified": "2026-05-15T18:21:44Z",
      "resolved": "github:NixOS/nixpkgs/d233902339c02a9c334e7e593de68855ad26c4cb?lastModified=1778869304&narHash=sha256-30sZNZoA1cqF5JNO9fVX%2BwgiQYjB7HJqqJ4ztCDeBZE%3D"
    },
    "nodejs@26": {
      "last_modified": "2026-05-21T08:15:18Z",
      "plugin_version": "0.0.2",
      "resolved": "github:NixOS/nixpkgs/4a29d733e8a7d5b824c3d8c958a946a9867b3eb2#nodejs_26",
      "source": "devbox-search",
      "version": "26.2.0",
      "systems": {
        "aarch64-darwin": {
          "outputs": [
            {
              "name": "out",
              "path": "/nix/store/ng3asxryh41z2bbyv42qz86ziy6fk3r2-nodejs-26.2.0",
              "default": true
            }
          ],
          "store_path": "/nix/store/ng3asxryh41z2bbyv42qz86ziy6fk3r2-nodejs-26.2.0"
        },
        "aarch64-linux": {
          "outputs": [
            {
              "name": "out",
              "path": "/nix/store/0aig3msypgcn18jxqhzmci1acam3gs5b-nodejs-26.2.0",
              "default": true
            }
          ],
          "store_path": "/nix/store/0aig3msypgcn18jxqhzmci1acam3gs5b-nodejs-26.2.0"
        },
        "x86_64-darwin": {
          "outputs": [
            {
              "name": "out",
              "path": "/nix/store/7maj7y73f78q8k7f58f6bqbalhzg3ijy-nodejs-26.2.0",
              "default": true
            }
          ],
          "store_path": "/nix/store/7maj7y73f78q8k7f58f6bqbalhzg3ijy-nodejs-26.2.0"
        },
        "x86_64-linux": {
          "outputs": [
            {
              "name": "out",
              "path": "/nix/store/6b8rp3jvsq1am7d0bx8xz2dpyb45nbp2-nodejs-26.2.0",
              "default": true
            }
          ],
          "store_path": "/nix/store/6b8rp3jvsq1am7d0bx8xz2dpyb45nbp2-nodejs-26.2.0"
        }
      }
    },
    "rustc@1": {
      "last_modified": "2026-05-21T08:15:18Z",
      "plugin_version": "0.0.1",
      "resolved": "github:NixOS/nixpkgs/4a29d733e8a7d5b824c3d8c958a946a9867b3eb2#rustc",
      "source": "devbox-search",
      "version": "1.95.0",
      "systems": {
        "aarch64-darwin": {
          "outputs": [
            {
              "name": "out",
              "path": "/nix/store/z8dhxkw9d2bclp4hj4byyxmbihr8w4an-rustc-wrapper-1.95.0",
              "default": true
            },
            {
              "name": "man",
              "path": "/nix/store/zwylsaxwxgmbl38n3n38ym2yp8d4vh3l-rustc-wrapper-1.95.0-man",
              "default": true
            },
            {
              "name": "doc",
              "path": "/nix/store/2wiph2c9mpr0gbgan0ixpnr51pdfhlhj-rustc-wrapper-1.95.0-doc"
            }
          ],
          "store_path": "/nix/store/z8dhxkw9d2bclp4hj4byyxmbihr8w4an-rustc-wrapper-1.95.0"
        },
        "aarch64-linux": {
          "outputs": [
            {
              "name": "out",
              "path": "/nix/store/nh052ln9q9r24p3rb6zxiqqjy4anxa56-rustc-wrapper-1.95.0",
              "default": true
            },
            {
              "name": "man",
              "path": "/nix/store/p3azdhlb0nk5kz1wqc22v7srwsb37m24-rustc-wrapper-1.95.0-man",
              "default": true
            },
            {
              "name": "doc",
              "path": "/nix/store/wqzfi80f80r689n3knjqsn31zqz68z4q-rustc-wrapper-1.95.0-doc"
            }
          ],
          "store_path": "/nix/store/nh052ln9q9r24p3rb6zxiqqjy4anxa56-rustc-wrapper-1.95.0"
        },
        "x86_64-darwin": {
          "outputs": [
            {
              "name": "out",
              "path": "/nix/store/6b0k5kdmlfl91qa8mk3ssfgvskqkvy4r-rustc-wrapper-1.95.0",
              "default": true
            },
            {
              "name": "man",
              "path": "/nix/store/2cvnw62k02n4afiahfrip1ambv8c2489-rustc-wrapper-1.95.0-man",
              "default": true
            },
            {
              "name": "doc",
              "path": "/nix/store/z0jj0z80mr79c8z5mrw8k8rmp9jn43zh-rustc-wrapper-1.95.0-doc"
            }
          ],
          "store_path": "/nix/store/6b0k5kdmlfl91qa8mk3ssfgvskqkvy4r-rustc-wrapper-1.95.0"
        },
        "x86_64-linux": {
          "outputs": [
            {
              "name": "out",
              "path": "/nix/store/wnhmqix7bippbbzasj29qiyb422g9asg-rustc-wrapper-1.95.0",
              "default": true
            },
            {
              "name": "man",
              "path": "/nix/store/ivd567y3li0c80h3z5w77nh8m1ga340h-rustc-wrapper-1.95.0-man",
              "default": true
            },
            {
              "name": "doc",
              "path": "/nix/store/m4rhqgg9qqkjy7zv9jg4z21fm92y82r2-rustc-wrapper-1.95.0-doc"
            }
          ],
          "store_path": "/nix/store/wnhmqix7bippbbzasj29qiyb422g9asg-rustc-wrapper-1.95.0"
        }
      }
    }
  }
}
